
Microsoft Visual Studio Solution File, Format Version 12.00
# Visual Studio Version 17
VisualStudioVersion = 17.6.33829.357
MinimumVisualStudioVersion = 10.0.40219.1
Project("{FAE04EC0-301F-11D3-BF4B-00C04F79EFBC}") = "SoftwareDesignPatterns", "SoftwareDesignPatterns\SoftwareDesignPatterns.csproj", "{9075E563-5025-4696-833C-A416D2C4AA98}"
EndProject
Global
	GlobalSection(SolutionConfigurationPlatforms) = preSolution
		Debug|Any CPU = Debug|Any CPU
		Release|Any CPU = Release|Any CPU
	EndGlobalSection
	GlobalSection(ProjectConfigurationPlatforms) = postSolution
		{9075E563-5025-4696-833C-A416D2C4AA98}.Debug|Any CPU.ActiveCfg = Debug|Any CPU
		{9075E563-5025-4696-833C-A416D2C4AA98}.Debug|Any CPU.Build.0 = Debug|Any CPU
		{9075E563-5025-4696-833C-A416D2C4AA98}.Release|Any CPU.ActiveCfg = Release|Any CPU
		{9075E563-5025-4696-833C-A416D2C4AA98}.Release|Any CPU.Build.0 = Release|Any CPU
	EndGlobalSection
	GlobalSection(SolutionProperties) = preSolution
		HideSolutionNode = FALSE
	EndGlobalSection
	GlobalSection(ExtensibilityGlobals) = postSolution
		SolutionGuid = {B2678B2C-8DEB-4B9B-AE95-F2BD8178DE6E}
	EndGlobalSection
EndGlobal
